{
  "name": "example",
  "version": "0.0.1",
  "lockfileVersion": 2,
  "requires": true,
  "packages": {
    "": {
      "name": "example",
      "version": "0.0.1",
      "license": "ISC",
      "dependencies": {
        "httpyac-plugin-example": "../httpyac-plugin-example"
      }
    },
    "../httpyac-plugin-example": {
      "version": "0.0.1",
      "license": "ISC"
    },
    "../httpyac-plugin-parse": {
      "name": "httpyac-plugin-parsehook",
      "version": "0.0.1",
      "extraneous": true,
      "license": "ISC"
    },
    "../httpyac-plugin-parseHook": {
      "name": "httpyac-plugin-parsehook",
      "version": "0.0.1",
      "extraneous": true,
      "license": "ISC"
    },
    "node_modules/httpyac-plugin-example": {
      "resolved": "../httpyac-plugin-example",
      "link": true
    }
  },
  "dependencies": {
    "httpyac-plugin-example": {
      "version": "file:../httpyac-plugin-example"
    }
  }
}
